
Microsoft Visual Studio Solution File, Format Version 12.00
# Visual Studio 14
VisualStudioVersion = 14.0.25420.1
MinimumVisualStudioVersion = 10.0.40219.1
Project("{FAE04EC0-301F-11D3-BF4B-00C04F79EFBC}") = "DiscussionForum.WebSite", "DiscussionForum\DiscussionForum.WebSite.csproj", "{49CAA46E-7362-4F9A-A694-CE38C77D0194}"
EndProject
Project("{FAE04EC0-301F-11D3-BF4B-00C04F79EFBC}") = "DiscussionForum.Services", "DiscussionForum.Services\DiscussionForum.Services.csproj", "{B984C2EC-0E56-4804-9B12-D4D9BE33AAC1}"
EndProject
Project("{FAE04EC0-301F-11D3-BF4B-00C04F79EFBC}") = "DiscussionForum.Domain", "DiscussionForum.Domain\DiscussionForum.Domain.csproj", "{D6F6EF60-3271-46E7-91FF-F869D92574B6}"
EndProject
Project("{FAE04EC0-301F-11D3-BF4B-00C04F79EFBC}") = "EmailService", "EmailService\EmailService.csproj", "{51DF0701-6075-4457-9B01-0A5CA059C6C0}"
EndProject
Global
	GlobalSection(SolutionConfigurationPlatforms) = preSolution
		Debug|Any CPU = Debug|Any CPU
		Release|Any CPU = Release|Any CPU
	EndGlobalSection
	GlobalSection(ProjectConfigurationPlatforms) = postSolution
		{49CAA46E-7362-4F9A-A694-CE38C77D0194}.Debug|Any CPU.ActiveCfg = Debug|Any CPU
		{49CAA46E-7362-4F9A-A694-CE38C77D0194}.Debug|Any CPU.Build.0 = Debug|Any CPU
		{49CAA46E-7362-4F9A-A694-CE38C77D0194}.Release|Any CPU.ActiveCfg = Release|Any CPU
		{49CAA46E-7362-4F9A-A694-CE38C77D0194}.Release|Any CPU.Build.0 = Release|Any CPU
		{B984C2EC-0E56-4804-9B12-D4D9BE33AAC1}.Debug|Any CPU.ActiveCfg = Debug|Any CPU
		{B984C2EC-0E56-4804-9B12-D4D9BE33AAC1}.Debug|Any CPU.Build.0 = Debug|Any CPU
		{B984C2EC-0E56-4804-9B12-D4D9BE33AAC1}.Release|Any CPU.ActiveCfg = Release|Any CPU
		{B984C2EC-0E56-4804-9B12-D4D9BE33AAC1}.Release|Any CPU.Build.0 = Release|Any CPU
		{D6F6EF60-3271-46E7-91FF-F869D92574B6}.Debug|Any CPU.ActiveCfg = Debug|Any CPU
		{D6F6EF60-3271-46E7-91FF-F869D92574B6}.Debug|Any CPU.Build.0 = Debug|Any CPU
		{D6F6EF60-3271-46E7-91FF-F869D92574B6}.Release|Any CPU.ActiveCfg = Release|Any CPU
		{D6F6EF60-3271-46E7-91FF-F869D92574B6}.Release|Any CPU.Build.0 = Release|Any CPU
		{51DF0701-6075-4457-9B01-0A5CA059C6C0}.Debug|Any CPU.ActiveCfg = Debug|Any CPU
		{51DF0701-6075-4457-9B01-0A5CA059C6C0}.Debug|Any CPU.Build.0 = Debug|Any CPU
		{51DF0701-6075-4457-9B01-0A5CA059C6C0}.Release|Any CPU.ActiveCfg = Release|Any CPU
		{51DF0701-6075-4457-9B01-0A5CA059C6C0}.Release|Any CPU.Build.0 = Release|Any CPU
	EndGlobalSection
	GlobalSection(SolutionProperties) = preSolution
		HideSolutionNode = FALSE
	EndGlobalSection
EndGlobal
